
Microsoft Visual Studio Solution File, Format Version 12.00
# Visual Studio Version 17
VisualStudioVersion = 17.7.34221.43
MinimumVisualStudioVersion = 10.0.40219.1
Project("{FAE04EC0-301F-11D3-BF4B-00C04F79EFBC}") = "XmlProcessor", "XmlProcessor\XmlProcessor.csproj", "{2A446962-BBBD-41A5-A382-81F04618EF45}"
EndProject
Global
	GlobalSection(SolutionConfigurationPlatforms) = preSolution
		Debug|Any CPU = Debug|Any CPU
		Release|Any CPU = Release|Any CPU
	EndGlobalSection
	GlobalSection(ProjectConfigurationPlatforms) = postSolution
		{2A446962-BBBD-41A5-A382-81F04618EF45}.Debug|Any CPU.ActiveCfg = Debug|Any CPU
		{2A446962-BBBD-41A5-A382-81F04618EF45}.Debug|Any CPU.Build.0 = Debug|Any CPU
		{2A446962-BBBD-41A5-A382-81F04618EF45}.Release|Any CPU.ActiveCfg = Release|Any CPU
		{2A446962-BBBD-41A5-A382-81F04618EF45}.Release|Any CPU.Build.0 = Release|Any CPU
	EndGlobalSection
	GlobalSection(SolutionProperties) = preSolution
		HideSolutionNode = FALSE
	EndGlobalSection
	GlobalSection(ExtensibilityGlobals) = postSolution
		SolutionGuid = {47DD5697-D74C-41A4-927E-EAC1537832EF}
	EndGlobalSection
EndGlobal
